
Microsoft Visual Studio Solution File, Format Version 12.00
# Visual Studio Version 17
VisualStudioVersion = 17.11.35222.181
MinimumVisualStudioVersion = 10.0.40219.1
Project("{FAE04EC0-301F-11D3-BF4B-00C04F79EFBC}") = "DeThiThu_Tutor", "DeThiThu_Tutor\DeThiThu_Tutor.csproj", "{C5978CED-24D0-4DD7-96CF-DDBE85C654D2}"
EndProject
Global
	GlobalSection(SolutionConfigurationPlatforms) = preSolution
		Debug|Any CPU = Debug|Any CPU
		Release|Any CPU = Release|Any CPU
	EndGlobalSection
	GlobalSection(ProjectConfigurationPlatforms) = postSolution
		{C5978CED-24D0-4DD7-96CF-DDBE85C654D2}.Debug|Any CPU.ActiveCfg = Debug|Any CPU
		{C5978CED-24D0-4DD7-96CF-DDBE85C654D2}.Debug|Any CPU.Build.0 = Debug|Any CPU
		{C5978CED-24D0-4DD7-96CF-DDBE85C654D2}.Release|Any CPU.ActiveCfg = Release|Any CPU
		{C5978CED-24D0-4DD7-96CF-DDBE85C654D2}.Release|Any CPU.Build.0 = Release|Any CPU
	EndGlobalSection
	GlobalSection(SolutionProperties) = preSolution
		HideSolutionNode = FALSE
	EndGlobalSection
	GlobalSection(ExtensibilityGlobals) = postSolution
		SolutionGuid = {CFB6E95F-03EE-4707-B136-24B3D62A1E3D}
	EndGlobalSection
EndGlobal
